
Microsoft Visual Studio Solution File, Format Version 12.00
# Visual Studio Version 17
VisualStudioVersion = 17.4.33205.214
MinimumVisualStudioVersion = 10.0.40219.1
Project("{F184B08F-C81C-45F6-A57F-5ABD9991F28F}") = "Hello World", "Hello World\Hello World.vbproj", "{7DC35C5B-4A58-42A2-AB62-522196C2B036}"
EndProject
Global
	GlobalSection(SolutionConfigurationPlatforms) = preSolution
		Debug|Any CPU = Debug|Any CPU
		Release|Any CPU = Release|Any CPU
	EndGlobalSection
	GlobalSection(ProjectConfigurationPlatforms) = postSolution
		{7DC35C5B-4A58-42A2-AB62-522196C2B036}.Debug|Any CPU.ActiveCfg = Debug|Any CPU
		{7DC35C5B-4A58-42A2-AB62-522196C2B036}.Debug|Any CPU.Build.0 = Debug|Any CPU
		{7DC35C5B-4A58-42A2-AB62-522196C2B036}.Release|Any CPU.ActiveCfg = Release|Any CPU
		{7DC35C5B-4A58-42A2-AB62-522196C2B036}.Release|Any CPU.Build.0 = Release|Any CPU
	EndGlobalSection
	GlobalSection(SolutionProperties) = preSolution
		HideSolutionNode = FALSE
	EndGlobalSection
	GlobalSection(ExtensibilityGlobals) = postSolution
		SolutionGuid = {7C2381CE-866A-4AFC-9DB5-630348036849}
	EndGlobalSection
EndGlobal
